PODS:
  - Masonry (1.1.0)
  - MJExtension (3.1.0)
  - YYModel (1.0.4)

DEPENDENCIES:
  - Masonry
  - MJExtension
  - YYModel

SPEC REPOS:
  https://github.com/CocoaPods/Specs.git:
    - Masonry
    - MJExtension
  trunk:
    - YYModel

SPEC CHECKSUMS:
  Masonry: 678fab65091a9290e40e2832a55e7ab731aad201
  MJExtension: 6b69b3bef2864fd550ce1a184eda219e321209d2
  YYModel: 2a7fdd96aaa4b86a824e26d0c517de8928c04b30

PODFILE CHECKSUM: b676a338e9a051c059867a2e3a577c49a382d7e2

COCOAPODS: 1.8.4
